
Microsoft Visual Studio Solution File, Format Version 12.00
# Visual Studio 15
VisualStudioVersion = 15.0.27004.2009
MinimumVisualStudioVersion = 10.0.40219.1
Project("{FAE04EC0-301F-11D3-BF4B-00C04F79EFBC}") = "Lesson_23_Challenge", "Lesson_23_Challenge\Lesson_23_Challenge.csproj", "{97237A52-1F45-4BF3-A600-07A5F48012D3}"
EndProject
Global
	GlobalSection(SolutionConfigurationPlatforms) = preSolution
		Debug|Any CPU = Debug|Any CPU
		Release|Any CPU = Release|Any CPU
	EndGlobalSection
	GlobalSection(ProjectConfigurationPlatforms) = postSolution
		{97237A52-1F45-4BF3-A600-07A5F48012D3}.Debug|Any CPU.ActiveCfg = Debug|Any CPU
		{97237A52-1F45-4BF3-A600-07A5F48012D3}.Debug|Any CPU.Build.0 = Debug|Any CPU
		{97237A52-1F45-4BF3-A600-07A5F48012D3}.Release|Any CPU.ActiveCfg = Release|Any CPU
		{97237A52-1F45-4BF3-A600-07A5F48012D3}.Release|Any CPU.Build.0 = Release|Any CPU
	EndGlobalSection
	GlobalSection(SolutionProperties) = preSolution
		HideSolutionNode = FALSE
	EndGlobalSection
	GlobalSection(ExtensibilityGlobals) = postSolution
		SolutionGuid = {F8F77291-8E6D-483F-A505-5A342E305203}
	EndGlobalSection
EndGlobal
