
Microsoft Visual Studio Solution File, Format Version 12.00
# Visual Studio 15
VisualStudioVersion = 15.0.27004.2009
MinimumVisualStudioVersion = 10.0.40219.1
Project("{FAE04EC0-301F-11D3-BF4B-00C04F79EFBC}") = "Lesson36_ChallengeHeroMonsterClasses", "Lesson36_ChallengeHeroMonsterClasses\Lesson36_ChallengeHeroMonsterClasses.csproj", "{869EE75C-6D8E-46CF-B94D-70F56D4A96BE}"
EndProject
Global
	GlobalSection(SolutionConfigurationPlatforms) = preSolution
		Debug|Any CPU = Debug|Any CPU
		Release|Any CPU = Release|Any CPU
	EndGlobalSection
	GlobalSection(ProjectConfigurationPlatforms) = postSolution
		{869EE75C-6D8E-46CF-B94D-70F56D4A96BE}.Debug|Any CPU.ActiveCfg = Debug|Any CPU
		{869EE75C-6D8E-46CF-B94D-70F56D4A96BE}.Debug|Any CPU.Build.0 = Debug|Any CPU
		{869EE75C-6D8E-46CF-B94D-70F56D4A96BE}.Release|Any CPU.ActiveCfg = Release|Any CPU
		{869EE75C-6D8E-46CF-B94D-70F56D4A96BE}.Release|Any CPU.Build.0 = Release|Any CPU
	EndGlobalSection
	GlobalSection(SolutionProperties) = preSolution
		HideSolutionNode = FALSE
	EndGlobalSection
	GlobalSection(ExtensibilityGlobals) = postSolution
		SolutionGuid = {4CB039C6-8F21-4384-8184-35A82784AADB}
	EndGlobalSection
EndGlobal
