
Microsoft Visual Studio Solution File, Format Version 12.00
# Visual Studio 15
VisualStudioVersion = 15.0.27004.2009
MinimumVisualStudioVersion = 10.0.40219.1
Project("{FAE04EC0-301F-11D3-BF4B-00C04F79EFBC}") = "Lesson_34_MegaCasinoChallenge", "Lesson_34_MegaCasinoChallenge\Lesson_34_MegaCasinoChallenge.csproj", "{0C8D2026-6621-44B4-BB6B-06CF7209A578}"
EndProject
Global
	GlobalSection(SolutionConfigurationPlatforms) = preSolution
		Debug|Any CPU = Debug|Any CPU
		Release|Any CPU = Release|Any CPU
	EndGlobalSection
	GlobalSection(ProjectConfigurationPlatforms) = postSolution
		{0C8D2026-6621-44B4-BB6B-06CF7209A578}.Debug|Any CPU.ActiveCfg = Debug|Any CPU
		{0C8D2026-6621-44B4-BB6B-06CF7209A578}.Debug|Any CPU.Build.0 = Debug|Any CPU
		{0C8D2026-6621-44B4-BB6B-06CF7209A578}.Release|Any CPU.ActiveCfg = Release|Any CPU
		{0C8D2026-6621-44B4-BB6B-06CF7209A578}.Release|Any CPU.Build.0 = Release|Any CPU
	EndGlobalSection
	GlobalSection(SolutionProperties) = preSolution
		HideSolutionNode = FALSE
	EndGlobalSection
	GlobalSection(ExtensibilityGlobals) = postSolution
		SolutionGuid = {1D86972A-E9BE-43C3-BC33-757EEAFB020E}
	EndGlobalSection
EndGlobal
