
Microsoft Visual Studio Solution File, Format Version 12.00
# Visual Studio 15
VisualStudioVersion = 15.0.27004.2009
MinimumVisualStudioVersion = 10.0.40219.1
Project("{FAE04EC0-301F-11D3-BF4B-00C04F79EFBC}") = "16_ChallengeDaysBetweenDates", "16_ChallengeDaysBetweenDates\16_ChallengeDaysBetweenDates.csproj", "{7C2ACB16-D478-4A51-AF59-F40D9145BDFD}"
EndProject
Global
	GlobalSection(SolutionConfigurationPlatforms) = preSolution
		Debug|Any CPU = Debug|Any CPU
		Release|Any CPU = Release|Any CPU
	EndGlobalSection
	GlobalSection(ProjectConfigurationPlatforms) = postSolution
		{7C2ACB16-D478-4A51-AF59-F40D9145BDFD}.Debug|Any CPU.ActiveCfg = Debug|Any CPU
		{7C2ACB16-D478-4A51-AF59-F40D9145BDFD}.Debug|Any CPU.Build.0 = Debug|Any CPU
		{7C2ACB16-D478-4A51-AF59-F40D9145BDFD}.Release|Any CPU.ActiveCfg = Release|Any CPU
		{7C2ACB16-D478-4A51-AF59-F40D9145BDFD}.Release|Any CPU.Build.0 = Release|Any CPU
	EndGlobalSection
	GlobalSection(SolutionProperties) = preSolution
		HideSolutionNode = FALSE
	EndGlobalSection
	GlobalSection(ExtensibilityGlobals) = postSolution
		SolutionGuid = {932E956D-3A58-48CB-A968-3AC083E983D3}
	EndGlobalSection
EndGlobal
