
Microsoft Visual Studio Solution File, Format Version 12.00
# Visual Studio 15
VisualStudioVersion = 15.0.26730.16
MinimumVisualStudioVersion = 10.0.40219.1
Project("{FAE04EC0-301F-11D3-BF4B-00C04F79EFBC}") = "Inheritance08", "Inheritance08\Inheritance08.csproj", "{50B376EA-1AC9-4F20-BACE-79D2E1E90627}"
EndProject
Global
	GlobalSection(SolutionConfigurationPlatforms) = preSolution
		Debug|Any CPU = Debug|Any CPU
		Release|Any CPU = Release|Any CPU
	EndGlobalSection
	GlobalSection(ProjectConfigurationPlatforms) = postSolution
		{50B376EA-1AC9-4F20-BACE-79D2E1E90627}.Debug|Any CPU.ActiveCfg = Debug|Any CPU
		{50B376EA-1AC9-4F20-BACE-79D2E1E90627}.Debug|Any CPU.Build.0 = Debug|Any CPU
		{50B376EA-1AC9-4F20-BACE-79D2E1E90627}.Release|Any CPU.ActiveCfg = Release|Any CPU
		{50B376EA-1AC9-4F20-BACE-79D2E1E90627}.Release|Any CPU.Build.0 = Release|Any CPU
	EndGlobalSection
	GlobalSection(SolutionProperties) = preSolution
		HideSolutionNode = FALSE
	EndGlobalSection
	GlobalSection(ExtensibilityGlobals) = postSolution
		SolutionGuid = {F4BFC5C1-7047-4EFD-91AA-478E24DB1F06}
	EndGlobalSection
EndGlobal
