
Microsoft Visual Studio Solution File, Format Version 12.00
# Visual Studio 15
VisualStudioVersion = 15.0.27130.2036
MinimumVisualStudioVersion = 10.0.40219.1
Project("{FAE04EC0-301F-11D3-BF4B-00C04F79EFBC}") = "Inheritance13_AbstractClasses", "Inheritance13_AbstractClasses\Inheritance13_AbstractClasses.csproj", "{C52F1C52-0CE2-44E8-AEC4-ED514EC7A259}"
EndProject
Global
	GlobalSection(SolutionConfigurationPlatforms) = preSolution
		Debug|Any CPU = Debug|Any CPU
		Release|Any CPU = Release|Any CPU
	EndGlobalSection
	GlobalSection(ProjectConfigurationPlatforms) = postSolution
		{C52F1C52-0CE2-44E8-AEC4-ED514EC7A259}.Debug|Any CPU.ActiveCfg = Debug|Any CPU
		{C52F1C52-0CE2-44E8-AEC4-ED514EC7A259}.Debug|Any CPU.Build.0 = Debug|Any CPU
		{C52F1C52-0CE2-44E8-AEC4-ED514EC7A259}.Release|Any CPU.ActiveCfg = Release|Any CPU
		{C52F1C52-0CE2-44E8-AEC4-ED514EC7A259}.Release|Any CPU.Build.0 = Release|Any CPU
	EndGlobalSection
	GlobalSection(SolutionProperties) = preSolution
		HideSolutionNode = FALSE
	EndGlobalSection
	GlobalSection(ExtensibilityGlobals) = postSolution
		SolutionGuid = {33F70CA2-24A5-40DF-955B-EC72B9262918}
	EndGlobalSection
EndGlobal
